
Microsoft Visual Studio Solution File, Format Version 12.00
# Visual Studio 15
VisualStudioVersion = 15.0.28010.2046
MinimumVisualStudioVersion = 10.0.40219.1
Project("{FAE04EC0-301F-11D3-BF4B-00C04F79EFBC}") = "client", "client\client.csproj", "{C339C4F5-AF06-4FE6-B1B0-16EB80E505CF}"
EndProject
Project("{FAE04EC0-301F-11D3-BF4B-00C04F79EFBC}") = "Server", "Server\Server.csproj", "{99960F98-1885-4FAE-871F-C9DF220757A7}"
EndProject
Project("{FAE04EC0-301F-11D3-BF4B-00C04F79EFBC}") = "CommonLib", "CommonLib\CommonLib.csproj", "{6F4098DC-1F0F-4489-BD6F-193284FCD0D8}"
EndProject
Global
	GlobalSection(SolutionConfigurationPlatforms) = preSolution
		Debug|Any CPU = Debug|Any CPU
		Release|Any CPU = Release|Any CPU
	EndGlobalSection
	GlobalSection(ProjectConfigurationPlatforms) = postSolution
		{C339C4F5-AF06-4FE6-B1B0-16EB80E505CF}.Debug|Any CPU.ActiveCfg = Debug|Any CPU
		{C339C4F5-AF06-4FE6-B1B0-16EB80E505CF}.Debug|Any CPU.Build.0 = Debug|Any CPU
		{C339C4F5-AF06-4FE6-B1B0-16EB80E505CF}.Release|Any CPU.ActiveCfg = Release|Any CPU
		{C339C4F5-AF06-4FE6-B1B0-16EB80E505CF}.Release|Any CPU.Build.0 = Release|Any CPU
		{99960F98-1885-4FAE-871F-C9DF220757A7}.Debug|Any CPU.ActiveCfg = Debug|Any CPU
		{99960F98-1885-4FAE-871F-C9DF220757A7}.Debug|Any CPU.Build.0 = Debug|Any CPU
		{99960F98-1885-4FAE-871F-C9DF220757A7}.Release|Any CPU.ActiveCfg = Release|Any CPU
		{99960F98-1885-4FAE-871F-C9DF220757A7}.Release|Any CPU.Build.0 = Release|Any CPU
		{6F4098DC-1F0F-4489-BD6F-193284FCD0D8}.Debug|Any CPU.ActiveCfg = Debug|Any CPU
		{6F4098DC-1F0F-4489-BD6F-193284FCD0D8}.Debug|Any CPU.Build.0 = Debug|Any CPU
		{6F4098DC-1F0F-4489-BD6F-193284FCD0D8}.Release|Any CPU.ActiveCfg = Release|Any CPU
		{6F4098DC-1F0F-4489-BD6F-193284FCD0D8}.Release|Any CPU.Build.0 = Release|Any CPU
	EndGlobalSection
	GlobalSection(SolutionProperties) = preSolution
		HideSolutionNode = FALSE
	EndGlobalSection
	GlobalSection(ExtensibilityGlobals) = postSolution
		SolutionGuid = {C42192EE-5A44-4CA5-8E32-CC7F886A9167}
	EndGlobalSection
EndGlobal
